
Microsoft Visual Studio Solution File, Format Version 12.00
Project("{FAE04EC0-301F-11D3-BF4B-00C04F79EFBC}") = "Passwordless.AspNet.Example", "src\Passwordless.AspNet.Example\Passwordless.AspNet.Example.csproj", "{D89341AC-AD4F-441C-AE7A-F06A7E6EAF5B}"
EndProject
Project("{FAE04EC0-301F-11D3-BF4B-00C04F79EFBC}") = "Passwordless.DataContext", "src\Passwordless.DataContext\Passwordless.DataContext.csproj", "{8F6CCECE-C50B-401A-931B-98C38F3B5B51}"
EndProject
Project("{FAE04EC0-301F-11D3-BF4B-00C04F79EFBC}") = "Passwordless.Models", "src\Passwordless.Models\Passwordless.Models.csproj", "{65B62AA3-890D-4E04-8224-DB78563A652E}"
EndProject
Project("{2150E333-8FDC-42A3-9474-1A3956D46DE8}") = "Solution Items", "Solution Items", "{241FF991-7915-4775-B6C6-932C4EE85537}"
    ProjectSection(SolutionItems) = preProject
		.editorconfig = .editorconfig
	EndProjectSection
EndProject
Global
	GlobalSection(SolutionConfigurationPlatforms) = preSolution
		Debug|Any CPU = Debug|Any CPU
		Release|Any CPU = Release|Any CPU
	EndGlobalSection
	GlobalSection(ProjectConfigurationPlatforms) = postSolution
		{D89341AC-AD4F-441C-AE7A-F06A7E6EAF5B}.Debug|Any CPU.ActiveCfg = Debug|Any CPU
		{D89341AC-AD4F-441C-AE7A-F06A7E6EAF5B}.Debug|Any CPU.Build.0 = Debug|Any CPU
		{D89341AC-AD4F-441C-AE7A-F06A7E6EAF5B}.Release|Any CPU.ActiveCfg = Release|Any CPU
		{D89341AC-AD4F-441C-AE7A-F06A7E6EAF5B}.Release|Any CPU.Build.0 = Release|Any CPU
		{8F6CCECE-C50B-401A-931B-98C38F3B5B51}.Debug|Any CPU.ActiveCfg = Debug|Any CPU
		{8F6CCECE-C50B-401A-931B-98C38F3B5B51}.Debug|Any CPU.Build.0 = Debug|Any CPU
		{8F6CCECE-C50B-401A-931B-98C38F3B5B51}.Release|Any CPU.ActiveCfg = Release|Any CPU
		{8F6CCECE-C50B-401A-931B-98C38F3B5B51}.Release|Any CPU.Build.0 = Release|Any CPU
		{65B62AA3-890D-4E04-8224-DB78563A652E}.Debug|Any CPU.ActiveCfg = Debug|Any CPU
		{65B62AA3-890D-4E04-8224-DB78563A652E}.Debug|Any CPU.Build.0 = Debug|Any CPU
		{65B62AA3-890D-4E04-8224-DB78563A652E}.Release|Any CPU.ActiveCfg = Release|Any CPU
		{65B62AA3-890D-4E04-8224-DB78563A652E}.Release|Any CPU.Build.0 = Release|Any CPU
	EndGlobalSection
EndGlobal
